// !$*UTF8*$!
{
	archiveVersion = 1;
	classes = {
	};
	objectVersion = 56;
	objects = {

/* Begin PBXBuildFile section */
		9A88AA6C2CAED5D1005A429D /* cafe_reviews.json in Resources */ = {isa = PBXBuildFile; fileRef = 9A88AA6A2CAED5D1005A429D /* cafe_reviews.json */; };
		9A88AA7A2CAED628005A429D /* ContentView.swift in Sources */ = {isa = PBXBuildFile; fileRef = 9A88AA762CAED628005A429D /* ContentView.swift */; };
		9A88AA7B2CAED628005A429D /* RowView.swift in Sources */ = {isa = PBXBuildFile; fileRef = 9A88AA782CAED628005A429D /* RowView.swift */; };
		9A88AA7C2CAED628005A429D /* DetailView.swift in Sources */ = {isa = PBXBuildFile; fileRef = 9A88AA772CAED628005A429D /* DetailView.swift */; };
		9A88AA7F2CAED63D005A429D /* ViewModel.swift in Sources */ = {isa = PBXBuildFile; fileRef = 9A88AA7D2CAED63D005A429D /* ViewModel.swift */; };
		9A88AA832CAED65B005A429D /* Review.swift in Sources */ = {isa = PBXBuildFile; fileRef = 9A88AA812CAED65B005A429D /* Review.swift */; };
		9A88AA842CAED65B005A429D /* AvailableLanguage.swift in Sources */ = {isa = PBXBuildFile; fileRef = 9A88AA802CAED65B005A429D /* AvailableLanguage.swift */; };
		9AF7581B2CAD9DB800AC4FA8 /* translation_pageApp.swift in Sources */ = {isa = PBXBuildFile; fileRef = 9AF7581A2CAD9DB800AC4FA8 /* translation_pageApp.swift */; };
		9AF7581F2CAD9DB900AC4FA8 /* Assets.xcassets in Resources */ = {isa = PBXBuildFile; fileRef = 9AF7581E2CAD9DB900AC4FA8 /* Assets.xcassets */; };
		9AF758232CAD9DB900AC4FA8 /* Preview Assets.xcassets in Resources */ = {isa = PBXBuildFile; fileRef = 9AF758222CAD9DB900AC4FA8 /* Preview Assets.xcassets */; };
		9AF7582D2CAD9DBA00AC4FA8 /* translation_pageTests.swift in Sources */ = {isa = PBXBuildFile; fileRef = 9AF7582C2CAD9DBA00AC4FA8 /* translation_pageTests.swift */; };
		9AF758372CAD9DBA00AC4FA8 /* translation_pageUITests.swift in Sources */ = {isa = PBXBuildFile; fileRef = 9AF758362CAD9DBA00AC4FA8 /* translation_pageUITests.swift */; };
		9AF758392CAD9DBA00AC4FA8 /* translation_pageUITestsLaunchTests.swift in Sources */ = {isa = PBXBuildFile; fileRef = 9AF758382CAD9DBA00AC4FA8 /* translation_pageUITestsLaunchTests.swift */; };
/* End PBXBuildFile section */

/* Begin PBXContainerItemProxy section */
		9AF758292CAD9DBA00AC4FA8 /* PBXContainerItemProxy */ = {
			isa = PBXContainerItemProxy;
			containerPortal = 9AF7580F2CAD9DB800AC4FA8 /* Project object */;
			proxyType = 1;
			remoteGlobalIDString = 9AF758162CAD9DB800AC4FA8;
			remoteInfo = "translation-page";
		};
		9AF758332CAD9DBA00AC4FA8 /* PBXContainerItemProxy */ = {
			isa = PBXContainerItemProxy;
			containerPortal = 9AF7580F2CAD9DB800AC4FA8 /* Project object */;
			proxyType = 1;
			remoteGlobalIDString = 9AF758162CAD9DB800AC4FA8;
			remoteInfo = "translation-page";
		};
/* End PBXContainerItemProxy section */

/* Begin PBXFileReference section */
		9A88AA6A2CAED5D1005A429D /* cafe_reviews.json */ = {isa = PBXFileReference; lastKnownFileType = text.json; path = cafe_reviews.json; sourceTree = "<group>"; };
		9A88AA762CAED628005A429D /* ContentView.swift */ = {isa = PBXFileReference; lastKnownFileType = sourcecode.swift; path = ContentView.swift; sourceTree = "<group>"; };
		9A88AA772CAED628005A429D /* DetailView.swift */ = {isa = PBXFileReference; lastKnownFileType = sourcecode.swift; path = DetailView.swift; sourceTree = "<group>"; };
		9A88AA782CAED628005A429D /* RowView.swift */ = {isa = PBXFileReference; lastKnownFileType = sourcecode.swift; path = RowView.swift; sourceTree = "<group>"; };
		9A88AA7D2CAED63D005A429D /* ViewModel.swift */ = {isa = PBXFileReference; lastKnownFileType = sourcecode.swift; path = ViewModel.swift; sourceTree = "<group>"; };
		9A88AA802CAED65B005A429D /* AvailableLanguage.swift */ = {isa = PBXFileReference; lastKnownFileType = sourcecode.swift; path = AvailableLanguage.swift; sourceTree = "<group>"; };
		9A88AA812CAED65B005A429D /* Review.swift */ = {isa = PBXFileReference; lastKnownFileType = sourcecode.swift; path = Review.swift; sourceTree = "<group>"; };
		9AF758172CAD9DB800AC4FA8 /* translation-page.app */ = {isa = PBXFileReference; explicitFileType = wrapper.application; includeInIndex = 0; path = "translation-page.app"; sourceTree = BUILT_PRODUCTS_DIR; };
		9AF7581A2CAD9DB800AC4FA8 /* translation_pageApp.swift */ = {isa = PBXFileReference; lastKnownFileType = sourcecode.swift; path = translation_pageApp.swift; sourceTree = "<group>"; };
		9AF7581E2CAD9DB900AC4FA8 /* Assets.xcassets */ = {isa = PBXFileReference; lastKnownFileType = folder.assetcatalog; path = Assets.xcassets; sourceTree = "<group>"; };
		9AF758202CAD9DB900AC4FA8 /* translation_page.entitlements */ = {isa = PBXFileReference; lastKnownFileType = text.plist.entitlements; path = translation_page.entitlements; sourceTree = "<group>"; };
		9AF758222CAD9DB900AC4FA8 /* Preview Assets.xcassets */ = {isa = PBXFileReference; lastKnownFileType = folder.assetcatalog; path = "Preview Assets.xcassets"; sourceTree = "<group>"; };
		9AF758282CAD9DBA00AC4FA8 /* translation-pageTests.xctest */ = {isa = PBXFileReference; explicitFileType = wrapper.cfbundle; includeInIndex = 0; path = "translation-pageTests.xctest"; sourceTree = BUILT_PRODUCTS_DIR; };
		9AF7582C2CAD9DBA00AC4FA8 /* translation_pageTests.swift */ = {isa = PBXFileReference; lastKnownFileType = sourcecode.swift; path = translation_pageTests.swift; sourceTree = "<group>"; };
		9AF758322CAD9DBA00AC4FA8 /* translation-pageUITests.xctest */ = {isa = PBXFileReference; explicitFileType = wrapper.cfbundle; includeInIndex = 0; path = "translation-pageUITests.xctest"; sourceTree = BUILT_PRODUCTS_DIR; };
		9AF758362CAD9DBA00AC4FA8 /* translation_pageUITests.swift */ = {isa = PBXFileReference; lastKnownFileType = sourcecode.swift; path = translation_pageUITests.swift; sourceTree = "<group>"; };
		9AF758382CAD9DBA00AC4FA8 /* translation_pageUITestsLaunchTests.swift */ = {isa = PBXFileReference; lastKnownFileType = sourcecode.swift; path = translation_pageUITestsLaunchTests.swift; sourceTree = "<group>"; };
/* End PBXFileReference section */

/* Begin PBXFrameworksBuildPhase section */
		9AF758142CAD9DB800AC4FA8 /* Frameworks */ = {
			isa = PBXFrameworksBuildPhase;
			buildActionMask = 2147483647;
			files = (
			);
			runOnlyForDeploymentPostprocessing = 0;
		};
		9AF758252CAD9DBA00AC4FA8 /* Frameworks */ = {
			isa = PBXFrameworksBuildPhase;
			buildActionMask = 2147483647;
			files = (
			);
			runOnlyForDeploymentPostprocessing = 0;
		};
		9AF7582F2CAD9DBA00AC4FA8 /* Frameworks */ = {
			isa = PBXFrameworksBuildPhase;
			buildActionMask = 2147483647;
			files = (
			);
			runOnlyForDeploymentPostprocessing = 0;
		};
/* End PBXFrameworksBuildPhase section */

/* Begin PBXGroup section */
		9A88AA6B2CAED5D1005A429D /* Data */ = {
			isa = PBXGroup;
			children = (
				9A88AA6A2CAED5D1005A429D /* cafe_reviews.json */,
			);
			path = Data;
			sourceTree = "<group>";
		};
		9A88AA792CAED628005A429D /* View */ = {
			isa = PBXGroup;
			children = (
				9A88AA762CAED628005A429D /* ContentView.swift */,
				9A88AA772CAED628005A429D /* DetailView.swift */,
				9A88AA782CAED628005A429D /* RowView.swift */,
			);
			path = View;
			sourceTree = "<group>";
		};
		9A88AA7E2CAED63D005A429D /* ViewModel */ = {
			isa = PBXGroup;
			children = (
				9A88AA7D2CAED63D005A429D /* ViewModel.swift */,
			);
			path = ViewModel;
			sourceTree = "<group>";
		};
		9A88AA822CAED65B005A429D /* Model */ = {
			isa = PBXGroup;
			children = (
				9A88AA802CAED65B005A429D /* AvailableLanguage.swift */,
				9A88AA812CAED65B005A429D /* Review.swift */,
			);
			path = Model;
			sourceTree = "<group>";
		};
		9AF7580E2CAD9DB800AC4FA8 = {
			isa = PBXGroup;
			children = (
				9AF758192CAD9DB800AC4FA8 /* translation-page */,
				9AF7582B2CAD9DBA00AC4FA8 /* translation-pageTests */,
				9AF758352CAD9DBA00AC4FA8 /* translation-pageUITests */,
				9AF758182CAD9DB800AC4FA8 /* Products */,
			);
			sourceTree = "<group>";
		};
		9AF758182CAD9DB800AC4FA8 /* Products */ = {
			isa = PBXGroup;
			children = (
				9AF758172CAD9DB800AC4FA8 /* translation-page.app */,
				9AF758282CAD9DBA00AC4FA8 /* translation-pageTests.xctest */,
				9AF758322CAD9DBA00AC4FA8 /* translation-pageUITests.xctest */,
			);
			name = Products;
			sourceTree = "<group>";
		};
		9AF758192CAD9DB800AC4FA8 /* translation-page */ = {
			isa = PBXGroup;
			children = (
				9A88AA822CAED65B005A429D /* Model */,
				9A88AA7E2CAED63D005A429D /* ViewModel */,
				9A88AA792CAED628005A429D /* View */,
				9A88AA6B2CAED5D1005A429D /* Data */,
				9AF7581A2CAD9DB800AC4FA8 /* translation_pageApp.swift */,
				9AF7581E2CAD9DB900AC4FA8 /* Assets.xcassets */,
				9AF758202CAD9DB900AC4FA8 /* translation_page.entitlements */,
				9AF758212CAD9DB900AC4FA8 /* Preview Content */,
			);
			path = "translation-page";
			sourceTree = "<group>";
		};
		9AF758212CAD9DB900AC4FA8 /* Preview Content */ = {
			isa = PBXGroup;
			children = (
				9AF758222CAD9DB900AC4FA8 /* Preview Assets.xcassets */,
			);
			path = "Preview Content";
			sourceTree = "<group>";
		};
		9AF7582B2CAD9DBA00AC4FA8 /* translation-pageTests */ = {
			isa = PBXGroup;
			children = (
				9AF7582C2CAD9DBA00AC4FA8 /* translation_pageTests.swift */,
			);
			path = "translation-pageTests";
			sourceTree = "<group>";
		};
		9AF758352CAD9DBA00AC4FA8 /* translation-pageUITests */ = {
			isa = PBXGroup;
			children = (
				9AF758362CAD9DBA00AC4FA8 /* translation_pageUITests.swift */,
				9AF758382CAD9DBA00AC4FA8 /* translation_pageUITestsLaunchTests.swift */,
			);
			path = "translation-pageUITests";
			sourceTree = "<group>";
		};
/* End PBXGroup section */

/* Begin PBXNativeTarget section */
		9AF758162CAD9DB800AC4FA8 /* translation-page */ = {
			isa = PBXNativeTarget;
			buildConfigurationList = 9AF7583C2CAD9DBA00AC4FA8 /* Build configuration list for PBXNativeTarget "translation-page" */;
			buildPhases = (
				9AF758132CAD9DB800AC4FA8 /* Sources */,
				9AF758142CAD9DB800AC4FA8 /* Frameworks */,
				9AF758152CAD9DB800AC4FA8 /* Resources */,
			);
			buildRules = (
			);
			dependencies = (
			);
			name = "translation-page";
			productName = "translation-page";
			productReference = 9AF758172CAD9DB800AC4FA8 /* translation-page.app */;
			productType = "com.apple.product-type.application";
		};
		9AF758272CAD9DBA00AC4FA8 /* translation-pageTests */ = {
			isa = PBXNativeTarget;
			buildConfigurationList = 9AF7583F2CAD9DBA00AC4FA8 /* Build configuration list for PBXNativeTarget "translation-pageTests" */;
			buildPhases = (
				9AF758242CAD9DBA00AC4FA8 /* Sources */,
				9AF758252CAD9DBA00AC4FA8 /* Frameworks */,
				9AF758262CAD9DBA00AC4FA8 /* Resources */,
			);
			buildRules = (
			);
			dependencies = (
				9AF7582A2CAD9DBA00AC4FA8 /* PBXTargetDependency */,
			);
			name = "translation-pageTests";
			productName = "translation-pageTests";
			productReference = 9AF758282CAD9DBA00AC4FA8 /* translation-pageTests.xctest */;
			productType = "com.apple.product-type.bundle.unit-test";
		};
		9AF758312CAD9DBA00AC4FA8 /* translation-pageUITests */ = {
			isa = PBXNativeTarget;
			buildConfigurationList = 9AF758422CAD9DBA00AC4FA8 /* Build configuration list for PBXNativeTarget "translation-pageUITests" */;
			buildPhases = (
				9AF7582E2CAD9DBA00AC4FA8 /* Sources */,
				9AF7582F2CAD9DBA00AC4FA8 /* Frameworks */,
				9AF758302CAD9DBA00AC4FA8 /* Resources */,
			);
			buildRules = (
			);
			dependencies = (
				9AF758342CAD9DBA00AC4FA8 /* PBXTargetDependency */,
			);
			name = "translation-pageUITests";
			productName = "translation-pageUITests";
			productReference = 9AF758322CAD9DBA00AC4FA8 /* translation-pageUITests.xctest */;
			productType = "com.apple.product-type.bundle.ui-testing";
		};
/* End PBXNativeTarget section */

/* Begin PBXProject section */
		9AF7580F2CAD9DB800AC4FA8 /* Project object */ = {
			isa = PBXProject;
			attributes = {
				BuildIndependentTargetsInParallel = 1;
				LastSwiftUpdateCheck = 1540;
				LastUpgradeCheck = 1540;
				TargetAttributes = {
					9AF758162CAD9DB800AC4FA8 = {
						CreatedOnToolsVersion = 15.4;
					};
					9AF758272CAD9DBA00AC4FA8 = {
						CreatedOnToolsVersion = 15.4;
						TestTargetID = 9AF758162CAD9DB800AC4FA8;
					};
					9AF758312CAD9DBA00AC4FA8 = {
						CreatedOnToolsVersion = 15.4;
						TestTargetID = 9AF758162CAD9DB800AC4FA8;
					};
				};
			};
			buildConfigurationList = 9AF758122CAD9DB800AC4FA8 /* Build configuration list for PBXProject "translation-page" */;
			compatibilityVersion = "Xcode 14.0";
			developmentRegion = en;
			hasScannedForEncodings = 0;
			knownRegions = (
				en,
				Base,
			);
			mainGroup = 9AF7580E2CAD9DB800AC4FA8;
			productRefGroup = 9AF758182CAD9DB800AC4FA8 /* Products */;
			projectDirPath = "";
			projectRoot = "";
			targets = (
				9AF758162CAD9DB800AC4FA8 /* translation-page */,
				9AF758272CAD9DBA00AC4FA8 /* translation-pageTests */,
				9AF758312CAD9DBA00AC4FA8 /* translation-pageUITests */,
			);
		};
/* End PBXProject section */

/* Begin PBXResourcesBuildPhase section */
		9AF758152CAD9DB800AC4FA8 /* Resources */ = {
			isa = PBXResourcesBuildPhase;
			buildActionMask = 2147483647;
			files = (
				9AF758232CAD9DB900AC4FA8 /* Preview Assets.xcassets in Resources */,
				9AF7581F2CAD9DB900AC4FA8 /* Assets.xcassets in Resources */,
				9A88AA6C2CAED5D1005A429D /* cafe_reviews.json in Resources */,
			);
			runOnlyForDeploymentPostprocessing = 0;
		};
		9AF758262CAD9DBA00AC4FA8 /* Resources */ = {
			isa = PBXResourcesBuildPhase;
			buildActionMask = 2147483647;
			files = (
			);
			runOnlyForDeploymentPostprocessing = 0;
		};
		9AF758302CAD9DBA00AC4FA8 /* Resources */ = {
			isa = PBXResourcesBuildPhase;
			buildActionMask = 2147483647;
			files = (
			);
			runOnlyForDeploymentPostprocessing = 0;
		};
/* End PBXResourcesBuildPhase section */

/* Begin PBXSourcesBuildPhase section */
		9AF758132CAD9DB800AC4FA8 /* Sources */ = {
			isa = PBXSourcesBuildPhase;
			buildActionMask = 2147483647;
			files = (
				9A88AA832CAED65B005A429D /* Review.swift in Sources */,
				9A88AA842CAED65B005A429D /* AvailableLanguage.swift in Sources */,
				9A88AA7A2CAED628005A429D /* ContentView.swift in Sources */,
				9A88AA7B2CAED628005A429D /* RowView.swift in Sources */,
				9A88AA7C2CAED628005A429D /* DetailView.swift in Sources */,
				9A88AA7F2CAED63D005A429D /* ViewModel.swift in Sources */,
				9AF7581B2CAD9DB800AC4FA8 /* translation_pageApp.swift in Sources */,
			);
			runOnlyForDeploymentPostprocessing = 0;
		};
		9AF758242CAD9DBA00AC4FA8 /* Sources */ = {
			isa = PBXSourcesBuildPhase;
			buildActionMask = 2147483647;
			files = (
				9AF7582D2CAD9DBA00AC4FA8 /* translation_pageTests.swift in Sources */,
			);
			runOnlyForDeploymentPostprocessing = 0;
		};
		9AF7582E2CAD9DBA00AC4FA8 /* Sources */ = {
			isa = PBXSourcesBuildPhase;
			buildActionMask = 2147483647;
			files = (
				9AF758372CAD9DBA00AC4FA8 /* translation_pageUITests.swift in Sources */,
				9AF758392CAD9DBA00AC4FA8 /* translation_pageUITestsLaunchTests.swift in Sources */,
			);
			runOnlyForDeploymentPostprocessing = 0;
		};
/* End PBXSourcesBuildPhase section */

/* Begin PBXTargetDependency section */
		9AF7582A2CAD9DBA00AC4FA8 /* PBXTargetDependency */ = {
			isa = PBXTargetDependency;
			target = 9AF758162CAD9DB800AC4FA8 /* translation-page */;
			targetProxy = 9AF758292CAD9DBA00AC4FA8 /* PBXContainerItemProxy */;
		};
		9AF758342CAD9DBA00AC4FA8 /* PBXTargetDependency */ = {
			isa = PBXTargetDependency;
			target = 9AF758162CAD9DB800AC4FA8 /* translation-page */;
			targetProxy = 9AF758332CAD9DBA00AC4FA8 /* PBXContainerItemProxy */;
		};
/* End PBXTargetDependency section */

/* Begin XCBuildConfiguration section */
		9AF7583A2CAD9DBA00AC4FA8 /* Debug */ = {
			isa = XCBuildConfiguration;
			buildSettings = {
				ALWAYS_SEARCH_USER_PATHS = NO;
				ASSETCATALOG_COMPILER_GENERATE_SWIFT_ASSET_SYMBOL_EXTENSIONS = YES;
				CLANG_ANALYZER_NONNULL = YES;
				CLANG_ANALYZER_NUMBER_OBJECT_CONVERSION = YES_AGGRESSIVE;
				CLANG_CXX_LANGUAGE_STANDARD = "gnu++20";
				CLANG_ENABLE_MODULES = YES;
				CLANG_ENABLE_OBJC_ARC = YES;
				CLANG_ENABLE_OBJC_WEAK = YES;
				CLANG_WARN_BLOCK_CAPTURE_AUTORELEASING = YES;
				CLANG_WARN_BOOL_CONVERSION = YES;
				CLANG_WARN_COMMA = YES;
				CLANG_WARN_CONSTANT_CONVERSION = YES;
				CLANG_WARN_DEPRECATED_OBJC_IMPLEMENTATIONS = YES;
				CLANG_WARN_DIRECT_OBJC_ISA_USAGE = YES_ERROR;
				CLANG_WARN_DOCUMENTATION_COMMENTS = YES;
				CLANG_WARN_EMPTY_BODY = YES;
				CLANG_WARN_ENUM_CONVERSION = YES;
				CLANG_WARN_INFINITE_RECURSION = YES;
				CLANG_WARN_INT_CONVERSION = YES;
				CLANG_WARN_NON_LITERAL_NULL_CONVERSION = YES;
				CLANG_WARN_OBJC_IMPLICIT_RETAIN_SELF = YES;
				CLANG_WARN_OBJC_LITERAL_CONVERSION = YES;
				CLANG_WARN_OBJC_ROOT_CLASS = YES_ERROR;
				CLANG_WARN_QUOTED_INCLUDE_IN_FRAMEWORK_HEADER = YES;
				CLANG_WARN_RANGE_LOOP_ANALYSIS = YES;
				CLANG_WARN_STRICT_PROTOTYPES = YES;
				CLANG_WARN_SUSPICIOUS_MOVE = YES;
				CLANG_WARN_UNGUARDED_AVAILABILITY = YES_AGGRESSIVE;
				CLANG_WARN_UNREACHABLE_CODE = YES;
				CLANG_WARN__DUPLICATE_METHOD_MATCH = YES;
				COPY_PHASE_STRIP = NO;
				DEBUG_INFORMATION_FORMAT = dwarf;
				ENABLE_STRICT_OBJC_MSGSEND = YES;
				ENABLE_TESTABILITY = YES;
				ENABLE_USER_SCRIPT_SANDBOXING = YES;
				GCC_C_LANGUAGE_STANDARD = gnu17;
				GCC_DYNAMIC_NO_PIC = NO;
				GCC_NO_COMMON_BLOCKS = YES;
				GCC_OPTIMIZATION_LEVEL = 0;
				GCC_PREPROCESSOR_DEFINITIONS = (
					"DEBUG=1",
					"$(inherited)",
				);
				GCC_WARN_64_TO_32_BIT_CONVERSION = YES;
				GCC_WARN_ABOUT_RETURN_TYPE = YES_ERROR;
				GCC_WARN_UNDECLARED_SELECTOR = YES;
				GCC_WARN_UNINITIALIZED_AUTOS = YES_AGGRESSIVE;
				GCC_WARN_UNUSED_FUNCTION = YES;
				GCC_WARN_UNUSED_VARIABLE = YES;
				LOCALIZATION_PREFERS_STRING_CATALOGS = YES;
				MTL_ENABLE_DEBUG_INFO = INCLUDE_SOURCE;
				MTL_FAST_MATH = YES;
				ONLY_ACTIVE_ARCH = YES;
				SWIFT_ACTIVE_COMPILATION_CONDITIONS = "DEBUG $(inherited)";
				SWIFT_OPTIMIZATION_LEVEL = "-Onone";
			};
			name = Debug;
		};
		9AF7583B2CAD9DBA00AC4FA8 /* Release */ = {
			isa = XCBuildConfiguration;
			buildSettings = {
				ALWAYS_SEARCH_USER_PATHS = NO;
				ASSETCATALOG_COMPILER_GENERATE_SWIFT_ASSET_SYMBOL_EXTENSIONS = YES;
				CLANG_ANALYZER_NONNULL = YES;
				CLANG_ANALYZER_NUMBER_OBJECT_CONVERSION = YES_AGGRESSIVE;
				CLANG_CXX_LANGUAGE_STANDARD = "gnu++20";
				CLANG_ENABLE_MODULES = YES;
				CLANG_ENABLE_OBJC_ARC = YES;
				CLANG_ENABLE_OBJC_WEAK = YES;
				CLANG_WARN_BLOCK_CAPTURE_AUTORELEASING = YES;
				CLANG_WARN_BOOL_CONVERSION = YES;
				CLANG_WARN_COMMA = YES;
				CLANG_WARN_CONSTANT_CONVERSION = YES;
				CLANG_WARN_DEPRECATED_OBJC_IMPLEMENTATIONS = YES;
				CLANG_WARN_DIRECT_OBJC_ISA_USAGE = YES_ERROR;
				CLANG_WARN_DOCUMENTATION_COMMENTS = YES;
				CLANG_WARN_EMPTY_BODY = YES;
				CLANG_WARN_ENUM_CONVERSION = YES;
				CLANG_WARN_INFINITE_RECURSION = YES;
				CLANG_WARN_INT_CONVERSION = YES;
				CLANG_WARN_NON_LITERAL_NULL_CONVERSION = YES;
				CLANG_WARN_OBJC_IMPLICIT_RETAIN_SELF = YES;
				CLANG_WARN_OBJC_LITERAL_CONVERSION = YES;
				CLANG_WARN_OBJC_ROOT_CLASS = YES_ERROR;
				CLANG_WARN_QUOTED_INCLUDE_IN_FRAMEWORK_HEADER = YES;
				CLANG_WARN_RANGE_LOOP_ANALYSIS = YES;
				CLANG_WARN_STRICT_PROTOTYPES = YES;
				CLANG_WARN_SUSPICIOUS_MOVE = YES;
				CLANG_WARN_UNGUARDED_AVAILABILITY = YES_AGGRESSIVE;
				CLANG_WARN_UNREACHABLE_CODE = YES;
				CLANG_WARN__DUPLICATE_METHOD_MATCH = YES;
				COPY_PHASE_STRIP = NO;
				DEBUG_INFORMATION_FORMAT = "dwarf-with-dsym";
				ENABLE_NS_ASSERTIONS = NO;
				ENABLE_STRICT_OBJC_MSGSEND = YES;
				ENABLE_USER_SCRIPT_SANDBOXING = YES;
				GCC_C_LANGUAGE_STANDARD = gnu17;
				GCC_NO_COMMON_BLOCKS = YES;
				GCC_WARN_64_TO_32_BIT_CONVERSION = YES;
				GCC_WARN_ABOUT_RETURN_TYPE = YES_ERROR;
				GCC_WARN_UNDECLARED_SELECTOR = YES;
				GCC_WARN_UNINITIALIZED_AUTOS = YES_AGGRESSIVE;
				GCC_WARN_UNUSED_FUNCTION = YES;
				GCC_WARN_UNUSED_VARIABLE = YES;
				LOCALIZATION_PREFERS_STRING_CATALOGS = YES;
				MTL_ENABLE_DEBUG_INFO = NO;
				MTL_FAST_MATH = YES;
				SWIFT_COMPILATION_MODE = wholemodule;
			};
			name = Release;
		};
		9AF7583D2CAD9DBA00AC4FA8 /* Debug */ = {
			isa = XCBuildConfiguration;
			buildSettings = {
				ASSETCATALOG_COMPILER_APPICON_NAME = AppIcon;
				ASSETCATALOG_COMPILER_GLOBAL_ACCENT_COLOR_NAME = AccentColor;
				CODE_SIGN_ENTITLEMENTS = "translation-page/translation_page.entitlements";
				CODE_SIGN_STYLE = Automatic;
				CURRENT_PROJECT_VERSION = 1;
				DEVELOPMENT_ASSET_PATHS = "\"translation-page/Preview Content\"";
				DEVELOPMENT_TEAM = XR98Z4S9PP;
				ENABLE_HARDENED_RUNTIME = YES;
				ENABLE_PREVIEWS = YES;
				GENERATE_INFOPLIST_FILE = YES;
				"INFOPLIST_KEY_UIApplicationSceneManifest_Generation[sdk=iphoneos*]" = YES;
				"INFOPLIST_KEY_UIApplicationSceneManifest_Generation[sdk=iphonesimulator*]" = YES;
				"INFOPLIST_KEY_UIApplicationSupportsIndirectInputEvents[sdk=iphoneos*]" = YES;
				"INFOPLIST_KEY_UIApplicationSupportsIndirectInputEvents[sdk=iphonesimulator*]" = YES;
				"INFOPLIST_KEY_UILaunchScreen_Generation[sdk=iphoneos*]" = YES;
				"INFOPLIST_KEY_UILaunchScreen_Generation[sdk=iphonesimulator*]" = YES;
				"INFOPLIST_KEY_UIStatusBarStyle[sdk=iphoneos*]" = UIStatusBarStyleDefault;
				"INFOPLIST_KEY_UIStatusBarStyle[sdk=iphonesimulator*]" = UIStatusBarStyleDefault;
				INFOPLIST_KEY_UISupportedInterfaceOrientations_iPad = "UIInterfaceOrientationPortrait UIInterfaceOrientationPortraitUpsideDown UIInterfaceOrientationLandscapeLeft UIInterfaceOrientationLandscapeRight";
				INFOPLIST_KEY_UISupportedInterfaceOrientations_iPhone = "UIInterfaceOrientationPortrait UIInterfaceOrientationLandscapeLeft UIInterfaceOrientationLandscapeRight";
				IPHONEOS_DEPLOYMENT_TARGET = 18.0;
				LD_RUNPATH_SEARCH_PATHS = "@executable_path/Frameworks";
				"LD_RUNPATH_SEARCH_PATHS[sdk=macosx*]" = "@executable_path/../Frameworks";
				MACOSX_DEPLOYMENT_TARGET = 14.5;
				MARKETING_VERSION = 1.0;
				PRODUCT_BUNDLE_IDENTIFIER = "com.translation-page.translation-page";
				PRODUCT_NAME = "$(TARGET_NAME)";
				SDKROOT = auto;
				SUPPORTED_PLATFORMS = "iphoneos iphonesimulator macosx";
				SWIFT_EMIT_LOC_STRINGS = YES;
				SWIFT_VERSION = 5.0;
				TARGETED_DEVICE_FAMILY = "1,2";
			};
			name = Debug;
		};
		9AF7583E2CAD9DBA00AC4FA8 /* Release */ = {
			isa = XCBuildConfiguration;
			buildSettings = {
				ASSETCATALOG_COMPILER_APPICON_NAME = AppIcon;
				ASSETCATALOG_COMPILER_GLOBAL_ACCENT_COLOR_NAME = AccentColor;
				CODE_SIGN_ENTITLEMENTS = "translation-page/translation_page.entitlements";
				CODE_SIGN_STYLE = Automatic;
				CURRENT_PROJECT_VERSION = 1;
				DEVELOPMENT_ASSET_PATHS = "\"translation-page/Preview Content\"";
				DEVELOPMENT_TEAM = XR98Z4S9PP;
				ENABLE_HARDENED_RUNTIME = YES;
				ENABLE_PREVIEWS = YES;
				GENERATE_INFOPLIST_FILE = YES;
				"INFOPLIST_KEY_UIApplicationSceneManifest_Generation[sdk=iphoneos*]" = YES;
				"INFOPLIST_KEY_UIApplicationSceneManifest_Generation[sdk=iphonesimulator*]" = YES;
				"INFOPLIST_KEY_UIApplicationSupportsIndirectInputEvents[sdk=iphoneos*]" = YES;
				"INFOPLIST_KEY_UIApplicationSupportsIndirectInputEvents[sdk=iphonesimulator*]" = YES;
				"INFOPLIST_KEY_UILaunchScreen_Generation[sdk=iphoneos*]" = YES;
				"INFOPLIST_KEY_UILaunchScreen_Generation[sdk=iphonesimulator*]" = YES;
				"INFOPLIST_KEY_UIStatusBarStyle[sdk=iphoneos*]" = UIStatusBarStyleDefault;
				"INFOPLIST_KEY_UIStatusBarStyle[sdk=iphonesimulator*]" = UIStatusBarStyleDefault;
				INFOPLIST_KEY_UISupportedInterfaceOrientations_iPad = "UIInterfaceOrientationPortrait UIInterfaceOrientationPortraitUpsideDown UIInterfaceOrientationLandscapeLeft UIInterfaceOrientationLandscapeRight";
				INFOPLIST_KEY_UISupportedInterfaceOrientations_iPhone = "UIInterfaceOrientationPortrait UIInterfaceOrientationLandscapeLeft UIInterfaceOrientationLandscapeRight";
				IPHONEOS_DEPLOYMENT_TARGET = 18.0;
				LD_RUNPATH_SEARCH_PATHS = "@executable_path/Frameworks";
				"LD_RUNPATH_SEARCH_PATHS[sdk=macosx*]" = "@executable_path/../Frameworks";
				MACOSX_DEPLOYMENT_TARGET = 14.5;
				MARKETING_VERSION = 1.0;
				PRODUCT_BUNDLE_IDENTIFIER = "com.translation-page.translation-page";
				PRODUCT_NAME = "$(TARGET_NAME)";
				SDKROOT = auto;
				SUPPORTED_PLATFORMS = "iphoneos iphonesimulator macosx";
				SWIFT_EMIT_LOC_STRINGS = YES;
				SWIFT_VERSION = 5.0;
				TARGETED_DEVICE_FAMILY = "1,2";
			};
			name = Release;
		};
		9AF758402CAD9DBA00AC4FA8 /* Debug */ = {
			isa = XCBuildConfiguration;
			buildSettings = {
				ALWAYS_EMBED_SWIFT_STANDARD_LIBRARIES = YES;
				BUNDLE_LOADER = "$(TEST_HOST)";
				CODE_SIGN_STYLE = Automatic;
				CURRENT_PROJECT_VERSION = 1;
				DEVELOPMENT_TEAM = XR98Z4S9PP;
				GENERATE_INFOPLIST_FILE = YES;
				IPHONEOS_DEPLOYMENT_TARGET = 17.5;
				MACOSX_DEPLOYMENT_TARGET = 14.5;
				MARKETING_VERSION = 1.0;
				PRODUCT_BUNDLE_IDENTIFIER = "com.translation-page.translation-pageTests";
				PRODUCT_NAME = "$(TARGET_NAME)";
				SDKROOT = auto;
				SUPPORTED_PLATFORMS = "iphoneos iphonesimulator macosx";
				SWIFT_EMIT_LOC_STRINGS = NO;
				SWIFT_VERSION = 5.0;
				TARGETED_DEVICE_FAMILY = "1,2";
				TEST_HOST = "$(BUILT_PRODUCTS_DIR)/translation-page.app/$(BUNDLE_EXECUTABLE_FOLDER_PATH)/translation-page";
			};
			name = Debug;
		};
		9AF758412CAD9DBA00AC4FA8 /* Release */ = {
			isa = XCBuildConfiguration;
			buildSettings = {
				ALWAYS_EMBED_SWIFT_STANDARD_LIBRARIES = YES;
				BUNDLE_LOADER = "$(TEST_HOST)";
				CODE_SIGN_STYLE = Automatic;
				CURRENT_PROJECT_VERSION = 1;
				DEVELOPMENT_TEAM = XR98Z4S9PP;
				GENERATE_INFOPLIST_FILE = YES;
				IPHONEOS_DEPLOYMENT_TARGET = 17.5;
				MACOSX_DEPLOYMENT_TARGET = 14.5;
				MARKETING_VERSION = 1.0;
				PRODUCT_BUNDLE_IDENTIFIER = "com.translation-page.translation-pageTests";
				PRODUCT_NAME = "$(TARGET_NAME)";
				SDKROOT = auto;
				SUPPORTED_PLATFORMS = "iphoneos iphonesimulator macosx";
				SWIFT_EMIT_LOC_STRINGS = NO;
				SWIFT_VERSION = 5.0;
				TARGETED_DEVICE_FAMILY = "1,2";
				TEST_HOST = "$(BUILT_PRODUCTS_DIR)/translation-page.app/$(BUNDLE_EXECUTABLE_FOLDER_PATH)/translation-page";
			};
			name = Release;
		};
		9AF758432CAD9DBA00AC4FA8 /* Debug */ = {
			isa = XCBuildConfiguration;
			buildSettings = {
				ALWAYS_EMBED_SWIFT_STANDARD_LIBRARIES = YES;
				CODE_SIGN_STYLE = Automatic;
				CURRENT_PROJECT_VERSION = 1;
				DEVELOPMENT_TEAM = XR98Z4S9PP;
				GENERATE_INFOPLIST_FILE = YES;
				IPHONEOS_DEPLOYMENT_TARGET = 17.5;
				MACOSX_DEPLOYMENT_TARGET = 14.5;
				MARKETING_VERSION = 1.0;
				PRODUCT_BUNDLE_IDENTIFIER = "com.translation-page.translation-pageUITests";
				PRODUCT_NAME = "$(TARGET_NAME)";
				SDKROOT = auto;
				SUPPORTED_PLATFORMS = "iphoneos iphonesimulator macosx";
				SWIFT_EMIT_LOC_STRINGS = NO;
				SWIFT_VERSION = 5.0;
				TARGETED_DEVICE_FAMILY = "1,2";
				TEST_TARGET_NAME = "translation-page";
			};
			name = Debug;
		};
		9AF758442CAD9DBA00AC4FA8 /* Release */ = {
			isa = XCBuildConfiguration;
			buildSettings = {
				ALWAYS_EMBED_SWIFT_STANDARD_LIBRARIES = YES;
				CODE_SIGN_STYLE = Automatic;
				CURRENT_PROJECT_VERSION = 1;
				DEVELOPMENT_TEAM = XR98Z4S9PP;
				GENERATE_INFOPLIST_FILE = YES;
				IPHONEOS_DEPLOYMENT_TARGET = 17.5;
				MACOSX_DEPLOYMENT_TARGET = 14.5;
				MARKETING_VERSION = 1.0;
				PRODUCT_BUNDLE_IDENTIFIER = "com.translation-page.translation-pageUITests";
				PRODUCT_NAME = "$(TARGET_NAME)";
				SDKROOT = auto;
				SUPPORTED_PLATFORMS = "iphoneos iphonesimulator macosx";
				SWIFT_EMIT_LOC_STRINGS = NO;
				SWIFT_VERSION = 5.0;
				TARGETED_DEVICE_FAMILY = "1,2";
				TEST_TARGET_NAME = "translation-page";
			};
			name = Release;
		};
/* End XCBuildConfiguration section */

/* Begin XCConfigurationList section */
		9AF758122CAD9DB800AC4FA8 /* Build configuration list for PBXProject "translation-page" */ = {
			isa = XCConfigurationList;
			buildConfigurations = (
				9AF7583A2CAD9DBA00AC4FA8 /* Debug */,
				9AF7583B2CAD9DBA00AC4FA8 /* Release */,
			);
			defaultConfigurationIsVisible = 0;
			defaultConfigurationName = Release;
		};
		9AF7583C2CAD9DBA00AC4FA8 /* Build configuration list for PBXNativeTarget "translation-page" */ = {
			isa = XCConfigurationList;
			buildConfigurations = (
				9AF7583D2CAD9DBA00AC4FA8 /* Debug */,
				9AF7583E2CAD9DBA00AC4FA8 /* Release */,
			);
			defaultConfigurationIsVisible = 0;
			defaultConfigurationName = Release;
		};
		9AF7583F2CAD9DBA00AC4FA8 /* Build configuration list for PBXNativeTarget "translation-pageTests" */ = {
			isa = XCConfigurationList;
			buildConfigurations = (
				9AF758402CAD9DBA00AC4FA8 /* Debug */,
				9AF758412CAD9DBA00AC4FA8 /* Release */,
			);
			defaultConfigurationIsVisible = 0;
			defaultConfigurationName = Release;
		};
		9AF758422CAD9DBA00AC4FA8 /* Build configuration list for PBXNativeTarget "translation-pageUITests" */ = {
			isa = XCConfigurationList;
			buildConfigurations = (
				9AF758432CAD9DBA00AC4FA8 /* Debug */,
				9AF758442CAD9DBA00AC4FA8 /* Release */,
			);
			defaultConfigurationIsVisible = 0;
			defaultConfigurationName = Release;
		};
/* End XCConfigurationList section */
	};
	rootObject = 9AF7580F2CAD9DB800AC4FA8 /* Project object */;
}
